github.com/cdvelop/input v0.0.59 h1:8/GTZjJ5fGGJKYMHJAxeq0Dznt1FQx5BP1vXBRlFHDs=
github.com/cdvelop/input v0.0.59/go.mod h1:V8bW1Zp39e8z6SmfwwIpvds0XhIENUtPIczN2dn214o=
github.com/cdvelop/object v0.0.39 h1:bnQVaceYAUntdWCI5Rx2Ks55TSQoT2gQ9VFXae4exIA=
github.com/cdvelop/object v0.0.39/go.mod h1:oLqPxTOmfkTzHmfiD6SlRE3rNkjU/XTmgHiDyRadYXE=
github.com/cdvelop/strings v0.0.7 h1:QNgHE+qUE37jRrJbD7lR2/T9Qb/2QezyqjZyD+qYQL0=
github.com/cdvelop/strings v0.0.7/go.mod h1:zNexDeXHRETbMmlmNThQeM7ksRsvzrphsCfwuSxaURk=
github.com/cdvelop/timetools v0.0.24 h1:nXzqrFJeA/oKvNsnMnnRG4za2q2PNlv63Y0L3DWIxP4=
github.com/cdvelop/timetools v0.0.24/go.mod h1:jzZBN/hfRSzmCnJuzBlCfQGi7vLYmNJ/cmoqgsl6WTA=
github.com/cdvelop/unixid v0.0.23 h1:VhktAAP0g2kwhF67MzZuzRkxfrd1jio2gSPbWIFM/Mo=
