github.com/cdvelop/input v0.0.70 h1:E/aBa90utZpDdS+F7W6TOtatIa88M7OiHdBNT21yuE8=
github.com/cdvelop/object v0.0.55 h1:FOB4NvFRQ04/5PZxxPc11ub2nfMKv4U5ncjCsQwxCWM=
github.com/cdvelop/object v0.0.55/go.mod h1:yunjpYCixlevK3tWuklU+O51U3SUAi9S4zDU/vBwnwU=
github.com/cdvelop/sessionhandler v0.0.14 h1:4jey4/xj9piJACwpkKphNcSQusgwJ7AZckryOlAVOQk=
github.com/cdvelop/sessionhandler v0.0.14/go.mod h1:nQCaNRV4NH07VuGqoyfqwrsnh2ax29MoN7Cn5CSRz6U=
github.com/cdvelop/strings v0.0.9 h1:yDh2msl3EQja0dHw+oOHfD9ymQMa50KakKTkjsXDnvw=
github.com/cdvelop/strings v0.0.9/go.mod h1:zNexDeXHRETbMmlmNThQeM7ksRsvzrphsCfwuSxaURk=
github.com/cdvelop/timetools v0.0.32 h1:tQPO4BwrEBrIGVMZHhsoYYeu8UXyF6hicm/Q54SET6k=
github.com/cdvelop/unixid v0.0.36 h1:KyCHZjVYAuxWjjlQX2JkeL46lCRuay1+ZzB9obSJoU0=
